
Microsoft Visual Studio Solution File, Format Version 12.00
# Visual Studio 2013
VisualStudioVersion = 12.0.21005.1
MinimumVisualStudioVersion = 10.0.40219.1
Project("{FAE04EC0-301F-11D3-BF4B-00C04F79EFBC}") = "MVVMWindowsPhone", "MVVMWindowsPhone.csproj", "{83D8C84E-AF17-43E5-8EDD-F32311ACDCD2}"
EndProject
Project("{8BC9CEB8-8B4A-11D0-8D11-00A0C91BC942}") = "Sqlite", "c:\sqlite-net-wp8-master\Sqlite.vcxproj", "{59B35F6C-E062-4F0E-88D8-13F3F82A24F3}"
EndProject
Project("{FAE04EC0-301F-11D3-BF4B-00C04F79EFBC}") = "SQLiteWP8", "..\SQLiteWP8\SQLiteWP8.csproj", "{46FA2E32-E688-4916-9D44-02C15EF44AF6}"
EndProject
Project("{FAE04EC0-301F-11D3-BF4B-00C04F79EFBC}") = "UnitTesting", "..\UnitTesting\UnitTesting.csproj", "{CAC3E90D-1EF5-4E8C-8044-4C5DA14C5B15}"
EndProject
Project("{FAE04EC0-301F-11D3-BF4B-00C04F79EFBC}") = "MVVMWindowsPhone.Core.Portable", "..\MVVMWindowsPhone.Core.Portable\MVVMWindowsPhone.Core.Portable.csproj", "{7C9C3195-0DD7-427D-A663-5D1C38087902}"
EndProject
Project("{FAE04EC0-301F-11D3-BF4B-00C04F79EFBC}") = "MVVMWindows8", "MVVMWindows8\MVVMWindows8.csproj", "{0F70966F-A29A-470F-92E1-4CF834DA1638}"
EndProject
Project("{FAE04EC0-301F-11D3-BF4B-00C04F79EFBC}") = "SQLiteWin8", "SQLiteWin8\SQLiteWin8.csproj", "{6A86C68F-274D-4600-B553-4676F07991FB}"
EndProject
Project("{FAE04EC0-301F-11D3-BF4B-00C04F79EFBC}") = "UnitTestingWin8", "..\UnitTestingWin8\UnitTestingWin8.csproj", "{F09D02AF-A2B5-4EC1-BF65-8DCE9D46EF38}"
EndProject
Project("{2150E333-8FDC-42A3-9474-1A3956D46DE8}") = ".nuget", ".nuget", "{85DFBD68-24D1-4367-A055-5879BFF3E79E}"
	ProjectSection(SolutionItems) = preProject
		.nuget\NuGet.Config = .nuget\NuGet.Config
		.nuget\NuGet.exe = .nuget\NuGet.exe
		.nuget\NuGet.targets = .nuget\NuGet.targets
	EndProjectSection
EndProject
Global
	GlobalSection(SolutionConfigurationPlatforms) = preSolution
		Debug|Any CPU = Debug|Any CPU
		Debug|ARM = Debug|ARM
		Debug|Mixed Platforms = Debug|Mixed Platforms
		Debug|Win32 = Debug|Win32
		Debug|x64 = Debug|x64
		Debug|x86 = Debug|x86
		Release|Any CPU = Release|Any CPU
		Release|ARM = Release|ARM
		Release|Mixed Platforms = Release|Mixed Platforms
		Release|Win32 = Release|Win32
		Release|x64 = Release|x64
		Release|x86 = Release|x86
	EndGlobalSection
	GlobalSection(ProjectConfigurationPlatforms) = postSolution
		{83D8C84E-AF17-43E5-8EDD-F32311ACDCD2}.Debug|Any CPU.ActiveCfg = Debug|Any CPU
		{83D8C84E-AF17-43E5-8EDD-F32311ACDCD2}.Debug|Any CPU.Build.0 = Debug|Any CPU
		{83D8C84E-AF17-43E5-8EDD-F32311ACDCD2}.Debug|Any CPU.Deploy.0 = Debug|Any CPU
		{83D8C84E-AF17-43E5-8EDD-F32311ACDCD2}.Debug|ARM.ActiveCfg = Debug|ARM
		{83D8C84E-AF17-43E5-8EDD-F32311ACDCD2}.Debug|ARM.Build.0 = Debug|ARM
		{83D8C84E-AF17-43E5-8EDD-F32311ACDCD2}.Debug|ARM.Deploy.0 = Debug|ARM
		{83D8C84E-AF17-43E5-8EDD-F32311ACDCD2}.Debug|Mixed Platforms.ActiveCfg = Debug|x86
		{83D8C84E-AF17-43E5-8EDD-F32311ACDCD2}.Debug|Mixed Platforms.Build.0 = Debug|x86
		{83D8C84E-AF17-43E5-8EDD-F32311ACDCD2}.Debug|Mixed Platforms.Deploy.0 = Debug|x86
		{83D8C84E-AF17-43E5-8EDD-F32311ACDCD2}.Debug|Win32.ActiveCfg = Debug|x86
		{83D8C84E-AF17-43E5-8EDD-F32311ACDCD2}.Debug|Win32.Build.0 = Debug|x86
		{83D8C84E-AF17-43E5-8EDD-F32311ACDCD2}.Debug|Win32.Deploy.0 = Debug|x86
		{83D8C84E-AF17-43E5-8EDD-F32311ACDCD2}.Debug|x64.ActiveCfg = Debug|Any CPU
		{83D8C84E-AF17-43E5-8EDD-F32311ACDCD2}.Debug|x86.ActiveCfg = Debug|x86
		{83D8C84E-AF17-43E5-8EDD-F32311ACDCD2}.Debug|x86.Build.0 = Debug|x86
		{83D8C84E-AF17-43E5-8EDD-F32311ACDCD2}.Debug|x86.Deploy.0 = Debug|x86
		{83D8C84E-AF17-43E5-8EDD-F32311ACDCD2}.Release|Any CPU.ActiveCfg = Release|Any CPU
		{83D8C84E-AF17-43E5-8EDD-F32311ACDCD2}.Release|Any CPU.Build.0 = Release|Any CPU
		{83D8C84E-AF17-43E5-8EDD-F32311ACDCD2}.Release|Any CPU.Deploy.0 = Release|Any CPU
		{83D8C84E-AF17-43E5-8EDD-F32311ACDCD2}.Release|ARM.ActiveCfg = Release|ARM
		{83D8C84E-AF17-43E5-8EDD-F32311ACDCD2}.Release|ARM.Build.0 = Release|ARM
		{83D8C84E-AF17-43E5-8EDD-F32311ACDCD2}.Release|ARM.Deploy.0 = Release|ARM
		{83D8C84E-AF17-43E5-8EDD-F32311ACDCD2}.Release|Mixed Platforms.ActiveCfg = Release|x86
		{83D8C84E-AF17-43E5-8EDD-F32311ACDCD2}.Release|Mixed Platforms.Build.0 = Release|x86
		{83D8C84E-AF17-43E5-8EDD-F32311ACDCD2}.Release|Mixed Platforms.Deploy.0 = Release|x86
		{83D8C84E-AF17-43E5-8EDD-F32311ACDCD2}.Release|Win32.ActiveCfg = Release|x86
		{83D8C84E-AF17-43E5-8EDD-F32311ACDCD2}.Release|Win32.Build.0 = Release|x86
		{83D8C84E-AF17-43E5-8EDD-F32311ACDCD2}.Release|Win32.Deploy.0 = Release|x86
		{83D8C84E-AF17-43E5-8EDD-F32311ACDCD2}.Release|x64.ActiveCfg = Release|Any CPU
		{83D8C84E-AF17-43E5-8EDD-F32311ACDCD2}.Release|x86.ActiveCfg = Release|x86
		{83D8C84E-AF17-43E5-8EDD-F32311ACDCD2}.Release|x86.Build.0 = Release|x86
		{83D8C84E-AF17-43E5-8EDD-F32311ACDCD2}.Release|x86.Deploy.0 = Release|x86
		{59B35F6C-E062-4F0E-88D8-13F3F82A24F3}.Debug|Any CPU.ActiveCfg = Debug|Win32
		{59B35F6C-E062-4F0E-88D8-13F3F82A24F3}.Debug|ARM.ActiveCfg = Debug|ARM
		{59B35F6C-E062-4F0E-88D8-13F3F82A24F3}.Debug|ARM.Build.0 = Debug|ARM
		{59B35F6C-E062-4F0E-88D8-13F3F82A24F3}.Debug|Mixed Platforms.ActiveCfg = Debug|Win32
		{59B35F6C-E062-4F0E-88D8-13F3F82A24F3}.Debug|Mixed Platforms.Build.0 = Debug|Win32
		{59B35F6C-E062-4F0E-88D8-13F3F82A24F3}.Debug|Win32.ActiveCfg = Debug|Win32
		{59B35F6C-E062-4F0E-88D8-13F3F82A24F3}.Debug|Win32.Build.0 = Debug|Win32
		{59B35F6C-E062-4F0E-88D8-13F3F82A24F3}.Debug|x64.ActiveCfg = Debug|Win32
		{59B35F6C-E062-4F0E-88D8-13F3F82A24F3}.Debug|x86.ActiveCfg = Debug|Win32
		{59B35F6C-E062-4F0E-88D8-13F3F82A24F3}.Debug|x86.Build.0 = Debug|Win32
		{59B35F6C-E062-4F0E-88D8-13F3F82A24F3}.Release|Any CPU.ActiveCfg = Release|Win32
		{59B35F6C-E062-4F0E-88D8-13F3F82A24F3}.Release|ARM.ActiveCfg = Release|ARM
		{59B35F6C-E062-4F0E-88D8-13F3F82A24F3}.Release|ARM.Build.0 = Release|ARM
		{59B35F6C-E062-4F0E-88D8-13F3F82A24F3}.Release|Mixed Platforms.ActiveCfg = Release|Win32
		{59B35F6C-E062-4F0E-88D8-13F3F82A24F3}.Release|Mixed Platforms.Build.0 = Release|Win32
		{59B35F6C-E062-4F0E-88D8-13F3F82A24F3}.Release|Win32.ActiveCfg = Release|Win32
		{59B35F6C-E062-4F0E-88D8-13F3F82A24F3}.Release|Win32.Build.0 = Release|Win32
		{59B35F6C-E062-4F0E-88D8-13F3F82A24F3}.Release|x64.ActiveCfg = Release|Win32
		{59B35F6C-E062-4F0E-88D8-13F3F82A24F3}.Release|x86.ActiveCfg = Release|Win32
		{59B35F6C-E062-4F0E-88D8-13F3F82A24F3}.Release|x86.Build.0 = Release|Win32
		{46FA2E32-E688-4916-9D44-02C15EF44AF6}.Debug|Any CPU.ActiveCfg = Debug|Any CPU
		{46FA2E32-E688-4916-9D44-02C15EF44AF6}.Debug|Any CPU.Build.0 = Debug|Any CPU
		{46FA2E32-E688-4916-9D44-02C15EF44AF6}.Debug|ARM.ActiveCfg = Debug|ARM
		{46FA2E32-E688-4916-9D44-02C15EF44AF6}.Debug|ARM.Build.0 = Debug|ARM
		{46FA2E32-E688-4916-9D44-02C15EF44AF6}.Debug|Mixed Platforms.ActiveCfg = Debug|x86
		{46FA2E32-E688-4916-9D44-02C15EF44AF6}.Debug|Mixed Platforms.Build.0 = Debug|x86
		{46FA2E32-E688-4916-9D44-02C15EF44AF6}.Debug|Win32.ActiveCfg = Debug|x86
		{46FA2E32-E688-4916-9D44-02C15EF44AF6}.Debug|Win32.Build.0 = Debug|x86
		{46FA2E32-E688-4916-9D44-02C15EF44AF6}.Debug|x64.ActiveCfg = Debug|Any CPU
		{46FA2E32-E688-4916-9D44-02C15EF44AF6}.Debug|x86.ActiveCfg = Debug|x86
		{46FA2E32-E688-4916-9D44-02C15EF44AF6}.Debug|x86.Build.0 = Debug|x86
		{46FA2E32-E688-4916-9D44-02C15EF44AF6}.Release|Any CPU.ActiveCfg = Release|Any CPU
		{46FA2E32-E688-4916-9D44-02C15EF44AF6}.Release|Any CPU.Build.0 = Release|Any CPU
		{46FA2E32-E688-4916-9D44-02C15EF44AF6}.Release|ARM.ActiveCfg = Release|ARM
		{46FA2E32-E688-4916-9D44-02C15EF44AF6}.Release|ARM.Build.0 = Release|ARM
		{46FA2E32-E688-4916-9D44-02C15EF44AF6}.Release|Mixed Platforms.ActiveCfg = Release|x86
		{46FA2E32-E688-4916-9D44-02C15EF44AF6}.Release|Mixed Platforms.Build.0 = Release|x86
		{46FA2E32-E688-4916-9D44-02C15EF44AF6}.Release|Win32.ActiveCfg = Release|x86
		{46FA2E32-E688-4916-9D44-02C15EF44AF6}.Release|Win32.Build.0 = Release|x86
		{46FA2E32-E688-4916-9D44-02C15EF44AF6}.Release|x64.ActiveCfg = Release|Any CPU
		{46FA2E32-E688-4916-9D44-02C15EF44AF6}.Release|x86.ActiveCfg = Release|x86
		{46FA2E32-E688-4916-9D44-02C15EF44AF6}.Release|x86.Build.0 = Release|x86
		{CAC3E90D-1EF5-4E8C-8044-4C5DA14C5B15}.Debug|Any CPU.ActiveCfg = Debug|Any CPU
		{CAC3E90D-1EF5-4E8C-8044-4C5DA14C5B15}.Debug|Any CPU.Build.0 = Debug|Any CPU
		{CAC3E90D-1EF5-4E8C-8044-4C5DA14C5B15}.Debug|Any CPU.Deploy.0 = Debug|Any CPU
		{CAC3E90D-1EF5-4E8C-8044-4C5DA14C5B15}.Debug|ARM.ActiveCfg = Debug|ARM
		{CAC3E90D-1EF5-4E8C-8044-4C5DA14C5B15}.Debug|ARM.Build.0 = Debug|ARM
		{CAC3E90D-1EF5-4E8C-8044-4C5DA14C5B15}.Debug|ARM.Deploy.0 = Debug|ARM
		{CAC3E90D-1EF5-4E8C-8044-4C5DA14C5B15}.Debug|Mixed Platforms.ActiveCfg = Debug|x86
		{CAC3E90D-1EF5-4E8C-8044-4C5DA14C5B15}.Debug|Mixed Platforms.Build.0 = Debug|x86
		{CAC3E90D-1EF5-4E8C-8044-4C5DA14C5B15}.Debug|Mixed Platforms.Deploy.0 = Debug|x86
		{CAC3E90D-1EF5-4E8C-8044-4C5DA14C5B15}.Debug|Win32.ActiveCfg = Debug|x86
		{CAC3E90D-1EF5-4E8C-8044-4C5DA14C5B15}.Debug|Win32.Build.0 = Debug|x86
		{CAC3E90D-1EF5-4E8C-8044-4C5DA14C5B15}.Debug|Win32.Deploy.0 = Debug|x86
		{CAC3E90D-1EF5-4E8C-8044-4C5DA14C5B15}.Debug|x64.ActiveCfg = Debug|Any CPU
		{CAC3E90D-1EF5-4E8C-8044-4C5DA14C5B15}.Debug|x86.ActiveCfg = Debug|x86
		{CAC3E90D-1EF5-4E8C-8044-4C5DA14C5B15}.Debug|x86.Build.0 = Debug|x86
		{CAC3E90D-1EF5-4E8C-8044-4C5DA14C5B15}.Debug|x86.Deploy.0 = Debug|x86
		{CAC3E90D-1EF5-4E8C-8044-4C5DA14C5B15}.Release|Any CPU.ActiveCfg = Release|Any CPU
		{CAC3E90D-1EF5-4E8C-8044-4C5DA14C5B15}.Release|Any CPU.Build.0 = Release|Any CPU
		{CAC3E90D-1EF5-4E8C-8044-4C5DA14C5B15}.Release|Any CPU.Deploy.0 = Release|Any CPU
		{CAC3E90D-1EF5-4E8C-8044-4C5DA14C5B15}.Release|ARM.ActiveCfg = Release|ARM
		{CAC3E90D-1EF5-4E8C-8044-4C5DA14C5B15}.Release|ARM.Build.0 = Release|ARM
		{CAC3E90D-1EF5-4E8C-8044-4C5DA14C5B15}.Release|ARM.Deploy.0 = Release|ARM
		{CAC3E90D-1EF5-4E8C-8044-4C5DA14C5B15}.Release|Mixed Platforms.ActiveCfg = Release|x86
		{CAC3E90D-1EF5-4E8C-8044-4C5DA14C5B15}.Release|Mixed Platforms.Build.0 = Release|x86
		{CAC3E90D-1EF5-4E8C-8044-4C5DA14C5B15}.Release|Mixed Platforms.Deploy.0 = Release|x86
		{CAC3E90D-1EF5-4E8C-8044-4C5DA14C5B15}.Release|Win32.ActiveCfg = Release|x86
		{CAC3E90D-1EF5-4E8C-8044-4C5DA14C5B15}.Release|Win32.Build.0 = Release|x86
		{CAC3E90D-1EF5-4E8C-8044-4C5DA14C5B15}.Release|Win32.Deploy.0 = Release|x86
		{CAC3E90D-1EF5-4E8C-8044-4C5DA14C5B15}.Release|x64.ActiveCfg = Release|Any CPU
		{CAC3E90D-1EF5-4E8C-8044-4C5DA14C5B15}.Release|x86.ActiveCfg = Release|x86
		{CAC3E90D-1EF5-4E8C-8044-4C5DA14C5B15}.Release|x86.Build.0 = Release|x86
		{CAC3E90D-1EF5-4E8C-8044-4C5DA14C5B15}.Release|x86.Deploy.0 = Release|x86
		{7C9C3195-0DD7-427D-A663-5D1C38087902}.Debug|Any CPU.ActiveCfg = Debug|Any CPU
		{7C9C3195-0DD7-427D-A663-5D1C38087902}.Debug|Any CPU.Build.0 = Debug|Any CPU
		{7C9C3195-0DD7-427D-A663-5D1C38087902}.Debug|ARM.ActiveCfg = Debug|Any CPU
		{7C9C3195-0DD7-427D-A663-5D1C38087902}.Debug|Mixed Platforms.ActiveCfg = Debug|Any CPU
		{7C9C3195-0DD7-427D-A663-5D1C38087902}.Debug|Mixed Platforms.Build.0 = Debug|Any CPU
		{7C9C3195-0DD7-427D-A663-5D1C38087902}.Debug|Win32.ActiveCfg = Debug|Any CPU
		{7C9C3195-0DD7-427D-A663-5D1C38087902}.Debug|x64.ActiveCfg = Debug|Any CPU
		{7C9C3195-0DD7-427D-A663-5D1C38087902}.Debug|x86.ActiveCfg = Debug|Any CPU
		{7C9C3195-0DD7-427D-A663-5D1C38087902}.Release|Any CPU.ActiveCfg = Release|Any CPU
		{7C9C3195-0DD7-427D-A663-5D1C38087902}.Release|Any CPU.Build.0 = Release|Any CPU
		{7C9C3195-0DD7-427D-A663-5D1C38087902}.Release|ARM.ActiveCfg = Release|Any CPU
		{7C9C3195-0DD7-427D-A663-5D1C38087902}.Release|Mixed Platforms.ActiveCfg = Release|Any CPU
		{7C9C3195-0DD7-427D-A663-5D1C38087902}.Release|Mixed Platforms.Build.0 = Release|Any CPU
		{7C9C3195-0DD7-427D-A663-5D1C38087902}.Release|Win32.ActiveCfg = Release|Any CPU
		{7C9C3195-0DD7-427D-A663-5D1C38087902}.Release|x64.ActiveCfg = Release|Any CPU
		{7C9C3195-0DD7-427D-A663-5D1C38087902}.Release|x86.ActiveCfg = Release|Any CPU
		{0F70966F-A29A-470F-92E1-4CF834DA1638}.Debug|Any CPU.ActiveCfg = Debug|Any CPU
		{0F70966F-A29A-470F-92E1-4CF834DA1638}.Debug|Any CPU.Build.0 = Debug|Any CPU
		{0F70966F-A29A-470F-92E1-4CF834DA1638}.Debug|Any CPU.Deploy.0 = Debug|Any CPU
		{0F70966F-A29A-470F-92E1-4CF834DA1638}.Debug|ARM.ActiveCfg = Debug|ARM
		{0F70966F-A29A-470F-92E1-4CF834DA1638}.Debug|ARM.Build.0 = Debug|ARM
		{0F70966F-A29A-470F-92E1-4CF834DA1638}.Debug|ARM.Deploy.0 = Debug|ARM
		{0F70966F-A29A-470F-92E1-4CF834DA1638}.Debug|Mixed Platforms.ActiveCfg = Debug|x86
		{0F70966F-A29A-470F-92E1-4CF834DA1638}.Debug|Mixed Platforms.Build.0 = Debug|x86
		{0F70966F-A29A-470F-92E1-4CF834DA1638}.Debug|Mixed Platforms.Deploy.0 = Debug|x86
		{0F70966F-A29A-470F-92E1-4CF834DA1638}.Debug|Win32.ActiveCfg = Debug|x86
		{0F70966F-A29A-470F-92E1-4CF834DA1638}.Debug|Win32.Build.0 = Debug|x86
		{0F70966F-A29A-470F-92E1-4CF834DA1638}.Debug|Win32.Deploy.0 = Debug|x86
		{0F70966F-A29A-470F-92E1-4CF834DA1638}.Debug|x64.ActiveCfg = Debug|x64
		{0F70966F-A29A-470F-92E1-4CF834DA1638}.Debug|x64.Build.0 = Debug|x64
		{0F70966F-A29A-470F-92E1-4CF834DA1638}.Debug|x64.Deploy.0 = Debug|x64
		{0F70966F-A29A-470F-92E1-4CF834DA1638}.Debug|x86.ActiveCfg = Debug|x86
		{0F70966F-A29A-470F-92E1-4CF834DA1638}.Debug|x86.Build.0 = Debug|x86
		{0F70966F-A29A-470F-92E1-4CF834DA1638}.Debug|x86.Deploy.0 = Debug|x86
		{0F70966F-A29A-470F-92E1-4CF834DA1638}.Release|Any CPU.ActiveCfg = Release|Any CPU
		{0F70966F-A29A-470F-92E1-4CF834DA1638}.Release|Any CPU.Build.0 = Release|Any CPU
		{0F70966F-A29A-470F-92E1-4CF834DA1638}.Release|Any CPU.Deploy.0 = Release|Any CPU
		{0F70966F-A29A-470F-92E1-4CF834DA1638}.Release|ARM.ActiveCfg = Release|ARM
		{0F70966F-A29A-470F-92E1-4CF834DA1638}.Release|ARM.Build.0 = Release|ARM
		{0F70966F-A29A-470F-92E1-4CF834DA1638}.Release|ARM.Deploy.0 = Release|ARM
		{0F70966F-A29A-470F-92E1-4CF834DA1638}.Release|Mixed Platforms.ActiveCfg = Release|x86
		{0F70966F-A29A-470F-92E1-4CF834DA1638}.Release|Mixed Platforms.Build.0 = Release|x86
		{0F70966F-A29A-470F-92E1-4CF834DA1638}.Release|Mixed Platforms.Deploy.0 = Release|x86
		{0F70966F-A29A-470F-92E1-4CF834DA1638}.Release|Win32.ActiveCfg = Release|x86
		{0F70966F-A29A-470F-92E1-4CF834DA1638}.Release|Win32.Build.0 = Release|x86
		{0F70966F-A29A-470F-92E1-4CF834DA1638}.Release|Win32.Deploy.0 = Release|x86
		{0F70966F-A29A-470F-92E1-4CF834DA1638}.Release|x64.ActiveCfg = Release|x64
		{0F70966F-A29A-470F-92E1-4CF834DA1638}.Release|x64.Build.0 = Release|x64
		{0F70966F-A29A-470F-92E1-4CF834DA1638}.Release|x64.Deploy.0 = Release|x64
		{0F70966F-A29A-470F-92E1-4CF834DA1638}.Release|x86.ActiveCfg = Release|x86
		{0F70966F-A29A-470F-92E1-4CF834DA1638}.Release|x86.Build.0 = Release|x86
		{0F70966F-A29A-470F-92E1-4CF834DA1638}.Release|x86.Deploy.0 = Release|x86
		{6A86C68F-274D-4600-B553-4676F07991FB}.Debug|Any CPU.ActiveCfg = Debug|Any CPU
		{6A86C68F-274D-4600-B553-4676F07991FB}.Debug|Any CPU.Build.0 = Debug|Any CPU
		{6A86C68F-274D-4600-B553-4676F07991FB}.Debug|ARM.ActiveCfg = Debug|ARM
		{6A86C68F-274D-4600-B553-4676F07991FB}.Debug|ARM.Build.0 = Debug|ARM
		{6A86C68F-274D-4600-B553-4676F07991FB}.Debug|Mixed Platforms.ActiveCfg = Debug|x86
		{6A86C68F-274D-4600-B553-4676F07991FB}.Debug|Mixed Platforms.Build.0 = Debug|x86
		{6A86C68F-274D-4600-B553-4676F07991FB}.Debug|Win32.ActiveCfg = Debug|x86
		{6A86C68F-274D-4600-B553-4676F07991FB}.Debug|Win32.Build.0 = Debug|x86
		{6A86C68F-274D-4600-B553-4676F07991FB}.Debug|x64.ActiveCfg = Debug|x64
		{6A86C68F-274D-4600-B553-4676F07991FB}.Debug|x64.Build.0 = Debug|x64
		{6A86C68F-274D-4600-B553-4676F07991FB}.Debug|x86.ActiveCfg = Debug|x86
		{6A86C68F-274D-4600-B553-4676F07991FB}.Debug|x86.Build.0 = Debug|x86
		{6A86C68F-274D-4600-B553-4676F07991FB}.Release|Any CPU.ActiveCfg = Release|Any CPU
		{6A86C68F-274D-4600-B553-4676F07991FB}.Release|Any CPU.Build.0 = Release|Any CPU
		{6A86C68F-274D-4600-B553-4676F07991FB}.Release|ARM.ActiveCfg = Release|ARM
		{6A86C68F-274D-4600-B553-4676F07991FB}.Release|ARM.Build.0 = Release|ARM
		{6A86C68F-274D-4600-B553-4676F07991FB}.Release|Mixed Platforms.ActiveCfg = Release|x86
		{6A86C68F-274D-4600-B553-4676F07991FB}.Release|Mixed Platforms.Build.0 = Release|x86
		{6A86C68F-274D-4600-B553-4676F07991FB}.Release|Win32.ActiveCfg = Release|x86
		{6A86C68F-274D-4600-B553-4676F07991FB}.Release|Win32.Build.0 = Release|x86
		{6A86C68F-274D-4600-B553-4676F07991FB}.Release|x64.ActiveCfg = Release|x64
		{6A86C68F-274D-4600-B553-4676F07991FB}.Release|x64.Build.0 = Release|x64
		{6A86C68F-274D-4600-B553-4676F07991FB}.Release|x86.ActiveCfg = Release|x86
		{6A86C68F-274D-4600-B553-4676F07991FB}.Release|x86.Build.0 = Release|x86
		{F09D02AF-A2B5-4EC1-BF65-8DCE9D46EF38}.Debug|Any CPU.ActiveCfg = Debug|Any CPU
		{F09D02AF-A2B5-4EC1-BF65-8DCE9D46EF38}.Debug|Any CPU.Build.0 = Debug|Any CPU
		{F09D02AF-A2B5-4EC1-BF65-8DCE9D46EF38}.Debug|Any CPU.Deploy.0 = Debug|Any CPU
		{F09D02AF-A2B5-4EC1-BF65-8DCE9D46EF38}.Debug|ARM.ActiveCfg = Debug|ARM
		{F09D02AF-A2B5-4EC1-BF65-8DCE9D46EF38}.Debug|ARM.Build.0 = Debug|ARM
		{F09D02AF-A2B5-4EC1-BF65-8DCE9D46EF38}.Debug|ARM.Deploy.0 = Debug|ARM
		{F09D02AF-A2B5-4EC1-BF65-8DCE9D46EF38}.Debug|Mixed Platforms.ActiveCfg = Debug|x86
		{F09D02AF-A2B5-4EC1-BF65-8DCE9D46EF38}.Debug|Mixed Platforms.Build.0 = Debug|x86
		{F09D02AF-A2B5-4EC1-BF65-8DCE9D46EF38}.Debug|Mixed Platforms.Deploy.0 = Debug|x86
		{F09D02AF-A2B5-4EC1-BF65-8DCE9D46EF38}.Debug|Win32.ActiveCfg = Debug|x86
		{F09D02AF-A2B5-4EC1-BF65-8DCE9D46EF38}.Debug|Win32.Build.0 = Debug|x86
		{F09D02AF-A2B5-4EC1-BF65-8DCE9D46EF38}.Debug|Win32.Deploy.0 = Debug|x86
		{F09D02AF-A2B5-4EC1-BF65-8DCE9D46EF38}.Debug|x64.ActiveCfg = Debug|x64
		{F09D02AF-A2B5-4EC1-BF65-8DCE9D46EF38}.Debug|x64.Build.0 = Debug|x64
		{F09D02AF-A2B5-4EC1-BF65-8DCE9D46EF38}.Debug|x64.Deploy.0 = Debug|x64
		{F09D02AF-A2B5-4EC1-BF65-8DCE9D46EF38}.Debug|x86.ActiveCfg = Debug|x86
		{F09D02AF-A2B5-4EC1-BF65-8DCE9D46EF38}.Debug|x86.Build.0 = Debug|x86
		{F09D02AF-A2B5-4EC1-BF65-8DCE9D46EF38}.Debug|x86.Deploy.0 = Debug|x86
		{F09D02AF-A2B5-4EC1-BF65-8DCE9D46EF38}.Release|Any CPU.ActiveCfg = Release|Any CPU
		{F09D02AF-A2B5-4EC1-BF65-8DCE9D46EF38}.Release|Any CPU.Build.0 = Release|Any CPU
		{F09D02AF-A2B5-4EC1-BF65-8DCE9D46EF38}.Release|Any CPU.Deploy.0 = Release|Any CPU
		{F09D02AF-A2B5-4EC1-BF65-8DCE9D46EF38}.Release|ARM.ActiveCfg = Release|ARM
		{F09D02AF-A2B5-4EC1-BF65-8DCE9D46EF38}.Release|ARM.Build.0 = Release|ARM
		{F09D02AF-A2B5-4EC1-BF65-8DCE9D46EF38}.Release|ARM.Deploy.0 = Release|ARM
		{F09D02AF-A2B5-4EC1-BF65-8DCE9D46EF38}.Release|Mixed Platforms.ActiveCfg = Release|x86
		{F09D02AF-A2B5-4EC1-BF65-8DCE9D46EF38}.Release|Mixed Platforms.Build.0 = Release|x86
		{F09D02AF-A2B5-4EC1-BF65-8DCE9D46EF38}.Release|Mixed Platforms.Deploy.0 = Release|x86
		{F09D02AF-A2B5-4EC1-BF65-8DCE9D46EF38}.Release|Win32.ActiveCfg = Release|x86
		{F09D02AF-A2B5-4EC1-BF65-8DCE9D46EF38}.Release|Win32.Build.0 = Release|x86
		{F09D02AF-A2B5-4EC1-BF65-8DCE9D46EF38}.Release|Win32.Deploy.0 = Release|x86
		{F09D02AF-A2B5-4EC1-BF65-8DCE9D46EF38}.Release|x64.ActiveCfg = Release|x64
		{F09D02AF-A2B5-4EC1-BF65-8DCE9D46EF38}.Release|x64.Build.0 = Release|x64
		{F09D02AF-A2B5-4EC1-BF65-8DCE9D46EF38}.Release|x64.Deploy.0 = Release|x64
		{F09D02AF-A2B5-4EC1-BF65-8DCE9D46EF38}.Release|x86.ActiveCfg = Release|x86
		{F09D02AF-A2B5-4EC1-BF65-8DCE9D46EF38}.Release|x86.Build.0 = Release|x86
		{F09D02AF-A2B5-4EC1-BF65-8DCE9D46EF38}.Release|x86.Deploy.0 = Release|x86
	EndGlobalSection
	GlobalSection(SolutionProperties) = preSolution
		HideSolutionNode = FALSE
	EndGlobalSection
EndGlobal
